// !$*UTF8*$!
{
	archiveVersion = 1;
	classes = {
	};
	objectVersion = 56;
	objects = {

/* Begin PBXBuildFile section */
		90EBDB98295DE9B1001F9FBF /* HeadieApp.swift in Sources */ = {isa = PBXBuildFile; fileRef = 90EBDB97295DE9B1001F9FBF /* HeadieApp.swift */; };
		90EBDB9C295DE9B2001F9FBF /* Assets.xcassets in Resources */ = {isa = PBXBuildFile; fileRef = 90EBDB9B295DE9B2001F9FBF /* Assets.xcassets */; };
		90EBDB9F295DE9B2001F9FBF /* Preview Assets.xcassets in Resources */ = {isa = PBXBuildFile; fileRef = 90EBDB9E295DE9B2001F9FBF /* Preview Assets.xcassets */; };
		90EBDBA62960477D001F9FBF /* HomeView.swift in Sources */ = {isa = PBXBuildFile; fileRef = 90EBDBA52960477D001F9FBF /* HomeView.swift */; };
		90EBDBA9296047F3001F9FBF /* LaunchView.swift in Sources */ = {isa = PBXBuildFile; fileRef = 90EBDBA8296047F3001F9FBF /* LaunchView.swift */; };
		90EBDBAC29604860001F9FBF /* ContentModel.swift in Sources */ = {isa = PBXBuildFile; fileRef = 90EBDBAB29604860001F9FBF /* ContentModel.swift */; };
		90EBDBAE296049E1001F9FBF /* OnboardingView.swift in Sources */ = {isa = PBXBuildFile; fileRef = 90EBDBAD296049E1001F9FBF /* OnboardingView.swift */; };
/* End PBXBuildFile section */

/* Begin PBXFileReference section */
		90EBDB94295DE9B1001F9FBF /* Headie.app */ = {isa = PBXFileReference; explicitFileType = wrapper.application; includeInIndex = 0; path = Headie.app; sourceTree = BUILT_PRODUCTS_DIR; };
		90EBDB97295DE9B1001F9FBF /* HeadieApp.swift */ = {isa = PBXFileReference; lastKnownFileType = sourcecode.swift; path = HeadieApp.swift; sourceTree = "<group>"; };
		90EBDB9B295DE9B2001F9FBF /* Assets.xcassets */ = {isa = PBXFileReference; lastKnownFileType = folder.assetcatalog; path = Assets.xcassets; sourceTree = "<group>"; };
		90EBDB9E295DE9B2001F9FBF /* Preview Assets.xcassets */ = {isa = PBXFileReference; lastKnownFileType = folder.assetcatalog; path = "Preview Assets.xcassets"; sourceTree = "<group>"; };
		90EBDBA52960477D001F9FBF /* HomeView.swift */ = {isa = PBXFileReference; lastKnownFileType = sourcecode.swift; path = HomeView.swift; sourceTree = "<group>"; };
		90EBDBA8296047F3001F9FBF /* LaunchView.swift */ = {isa = PBXFileReference; lastKnownFileType = sourcecode.swift; path = LaunchView.swift; sourceTree = "<group>"; };
		90EBDBAB29604860001F9FBF /* ContentModel.swift */ = {isa = PBXFileReference; lastKnownFileType = sourcecode.swift; path = ContentModel.swift; sourceTree = "<group>"; };
		90EBDBAD296049E1001F9FBF /* OnboardingView.swift */ = {isa = PBXFileReference; lastKnownFileType = sourcecode.swift; path = OnboardingView.swift; sourceTree = "<group>"; };
/* End PBXFileReference section */

/* Begin PBXFrameworksBuildPhase section */
		90EBDB91295DE9B1001F9FBF /* Frameworks */ = {
			isa = PBXFrameworksBuildPhase;
			buildActionMask = 2147483647;
			files = (
			);
			runOnlyForDeploymentPostprocessing = 0;
		};
/* End PBXFrameworksBuildPhase section */

/* Begin PBXGroup section */
		90EBDB8B295DE9B1001F9FBF = {
			isa = PBXGroup;
			children = (
				90EBDB96295DE9B1001F9FBF /* Headie */,
				90EBDB95295DE9B1001F9FBF /* Products */,
			);
			sourceTree = "<group>";
		};
		90EBDB95295DE9B1001F9FBF /* Products */ = {
			isa = PBXGroup;
			children = (
				90EBDB94295DE9B1001F9FBF /* Headie.app */,
			);
			name = Products;
			sourceTree = "<group>";
		};
		90EBDB96295DE9B1001F9FBF /* Headie */ = {
			isa = PBXGroup;
			children = (
				90EBDB97295DE9B1001F9FBF /* HeadieApp.swift */,
				90EBDBA72960479E001F9FBF /* Views */,
				90EBDBAA29604809001F9FBF /* ViewModels */,
				90EBDB9B295DE9B2001F9FBF /* Assets.xcassets */,
				90EBDB9D295DE9B2001F9FBF /* Preview Content */,
			);
			path = Headie;
			sourceTree = "<group>";
		};
		90EBDB9D295DE9B2001F9FBF /* Preview Content */ = {
			isa = PBXGroup;
			children = (
				90EBDB9E295DE9B2001F9FBF /* Preview Assets.xcassets */,
			);
			path = "Preview Content";
			sourceTree = "<group>";
		};
		90EBDBA72960479E001F9FBF /* Views */ = {
			isa = PBXGroup;
			children = (
				90EBDBA8296047F3001F9FBF /* LaunchView.swift */,
				90EBDBB029604A12001F9FBF /* Onboarding */,
				90EBDBAF29604A09001F9FBF /* Home */,
			);
			path = Views;
			sourceTree = "<group>";
		};
		90EBDBAA29604809001F9FBF /* ViewModels */ = {
			isa = PBXGroup;
			children = (
				90EBDBAB29604860001F9FBF /* ContentModel.swift */,
			);
			path = ViewModels;
			sourceTree = "<group>";
		};
		90EBDBAF29604A09001F9FBF /* Home */ = {
			isa = PBXGroup;
			children = (
				90EBDBA52960477D001F9FBF /* HomeView.swift */,
				90EBDBB129604A98001F9FBF /* Compass */,
			);
			path = Home;
			sourceTree = "<group>";
		};
		90EBDBB029604A12001F9FBF /* Onboarding */ = {
			isa = PBXGroup;
			children = (
				90EBDBAD296049E1001F9FBF /* OnboardingView.swift */,
			);
			path = Onboarding;
			sourceTree = "<group>";
		};
		90EBDBB129604A98001F9FBF /* Compass */ = {
			isa = PBXGroup;
			children = (
			);
			path = Compass;
			sourceTree = "<group>";
		};
/* End PBXGroup section */

/* Begin PBXNativeTarget section */
		90EBDB93295DE9B1001F9FBF /* Headie */ = {
			isa = PBXNativeTarget;
			buildConfigurationList = 90EBDBA2295DE9B2001F9FBF /* Build configuration list for PBXNativeTarget "Headie" */;
			buildPhases = (
				90EBDB90295DE9B1001F9FBF /* Sources */,
				90EBDB91295DE9B1001F9FBF /* Frameworks */,
				90EBDB92295DE9B1001F9FBF /* Resources */,
			);
			buildRules = (
			);
			dependencies = (
			);
			name = Headie;
			productName = Headie;
			productReference = 90EBDB94295DE9B1001F9FBF /* Headie.app */;
			productType = "com.apple.product-type.application";
		};
/* End PBXNativeTarget section */

/* Begin PBXProject section */
		90EBDB8C295DE9B1001F9FBF /* Project object */ = {
			isa = PBXProject;
			attributes = {
				BuildIndependentTargetsInParallel = 1;
				LastSwiftUpdateCheck = 1420;
				LastUpgradeCheck = 1420;
				TargetAttributes = {
					90EBDB93295DE9B1001F9FBF = {
						CreatedOnToolsVersion = 14.2;
					};
				};
			};
			buildConfigurationList = 90EBDB8F295DE9B1001F9FBF /* Build configuration list for PBXProject "Headie" */;
			compatibilityVersion = "Xcode 14.0";
			developmentRegion = en;
			hasScannedForEncodings = 0;
			knownRegions = (
				en,
				Base,
			);
			mainGroup = 90EBDB8B295DE9B1001F9FBF;
			productRefGroup = 90EBDB95295DE9B1001F9FBF /* Products */;
			projectDirPath = "";
			projectRoot = "";
			targets = (
				90EBDB93295DE9B1001F9FBF /* Headie */,
			);
		};
/* End PBXProject section */

/* Begin PBXResourcesBuildPhase section */
		90EBDB92295DE9B1001F9FBF /* Resources */ = {
			isa = PBXResourcesBuildPhase;
			buildActionMask = 2147483647;
			files = (
				90EBDB9F295DE9B2001F9FBF /* Preview Assets.xcassets in Resources */,
				90EBDB9C295DE9B2001F9FBF /* Assets.xcassets in Resources */,
			);
			runOnlyForDeploymentPostprocessing = 0;
		};
/* End PBXResourcesBuildPhase section */

/* Begin PBXSourcesBuildPhase section */
		90EBDB90295DE9B1001F9FBF /* Sources */ = {
			isa = PBXSourcesBuildPhase;
			buildActionMask = 2147483647;
			files = (
				90EBDB98295DE9B1001F9FBF /* HeadieApp.swift in Sources */,
				90EBDBAC29604860001F9FBF /* ContentModel.swift in Sources */,
				90EBDBA9296047F3001F9FBF /* LaunchView.swift in Sources */,
				90EBDBAE296049E1001F9FBF /* OnboardingView.swift in Sources */,
				90EBDBA62960477D001F9FBF /* HomeView.swift in Sources */,
			);
			runOnlyForDeploymentPostprocessing = 0;
		};
/* End PBXSourcesBuildPhase section */

/* Begin XCBuildConfiguration section */
		90EBDBA0295DE9B2001F9FBF /* Debug */ = {
			isa = XCBuildConfiguration;
			buildSettings = {
				ALWAYS_SEARCH_USER_PATHS = NO;
				CLANG_ANALYZER_NONNULL = YES;
				CLANG_ANALYZER_NUMBER_OBJECT_CONVERSION = YES_AGGRESSIVE;
				CLANG_CXX_LANGUAGE_STANDARD = "gnu++20";
				CLANG_ENABLE_MODULES = YES;
				CLANG_ENABLE_OBJC_ARC = YES;
				CLANG_ENABLE_OBJC_WEAK = YES;
				CLANG_WARN_BLOCK_CAPTURE_AUTORELEASING = YES;
				CLANG_WARN_BOOL_CONVERSION = YES;
				CLANG_WARN_COMMA = YES;
				CLANG_WARN_CONSTANT_CONVERSION = YES;
				CLANG_WARN_DEPRECATED_OBJC_IMPLEMENTATIONS = YES;
				CLANG_WARN_DIRECT_OBJC_ISA_USAGE = YES_ERROR;
				CLANG_WARN_DOCUMENTATION_COMMENTS = YES;
				CLANG_WARN_EMPTY_BODY = YES;
				CLANG_WARN_ENUM_CONVERSION = YES;
				CLANG_WARN_INFINITE_RECURSION = YES;
				CLANG_WARN_INT_CONVERSION = YES;
				CLANG_WARN_NON_LITERAL_NULL_CONVERSION = YES;
				CLANG_WARN_OBJC_IMPLICIT_RETAIN_SELF = YES;
				CLANG_WARN_OBJC_LITERAL_CONVERSION = YES;
				CLANG_WARN_OBJC_ROOT_CLASS = YES_ERROR;
				CLANG_WARN_QUOTED_INCLUDE_IN_FRAMEWORK_HEADER = YES;
				CLANG_WARN_RANGE_LOOP_ANALYSIS = YES;
				CLANG_WARN_STRICT_PROTOTYPES = YES;
				CLANG_WARN_SUSPICIOUS_MOVE = YES;
				CLANG_WARN_UNGUARDED_AVAILABILITY = YES_AGGRESSIVE;
				CLANG_WARN_UNREACHABLE_CODE = YES;
				CLANG_WARN__DUPLICATE_METHOD_MATCH = YES;
				COPY_PHASE_STRIP = NO;
				DEBUG_INFORMATION_FORMAT = dwarf;
				ENABLE_STRICT_OBJC_MSGSEND = YES;
				ENABLE_TESTABILITY = YES;
				GCC_C_LANGUAGE_STANDARD = gnu11;
				GCC_DYNAMIC_NO_PIC = NO;
				GCC_NO_COMMON_BLOCKS = YES;
				GCC_OPTIMIZATION_LEVEL = 0;
				GCC_PREPROCESSOR_DEFINITIONS = (
					"DEBUG=1",
					"$(inherited)",
				);
				GCC_WARN_64_TO_32_BIT_CONVERSION = YES;
				GCC_WARN_ABOUT_RETURN_TYPE = YES_ERROR;
				GCC_WARN_UNDECLARED_SELECTOR = YES;
				GCC_WARN_UNINITIALIZED_AUTOS = YES_AGGRESSIVE;
				GCC_WARN_UNUSED_FUNCTION = YES;
				GCC_WARN_UNUSED_VARIABLE = YES;
				IPHONEOS_DEPLOYMENT_TARGET = 16.2;
				MTL_ENABLE_DEBUG_INFO = INCLUDE_SOURCE;
				MTL_FAST_MATH = YES;
				ONLY_ACTIVE_ARCH = YES;
				SDKROOT = iphoneos;
				SWIFT_ACTIVE_COMPILATION_CONDITIONS = DEBUG;
				SWIFT_OPTIMIZATION_LEVEL = "-Onone";
			};
			name = Debug;
		};
		90EBDBA1295DE9B2001F9FBF /* Release */ = {
			isa = XCBuildConfiguration;
			buildSettings = {
				ALWAYS_SEARCH_USER_PATHS = NO;
				CLANG_ANALYZER_NONNULL = YES;
				CLANG_ANALYZER_NUMBER_OBJECT_CONVERSION = YES_AGGRESSIVE;
				CLANG_CXX_LANGUAGE_STANDARD = "gnu++20";
				CLANG_ENABLE_MODULES = YES;
				CLANG_ENABLE_OBJC_ARC = YES;
				CLANG_ENABLE_OBJC_WEAK = YES;
				CLANG_WARN_BLOCK_CAPTURE_AUTORELEASING = YES;
				CLANG_WARN_BOOL_CONVERSION = YES;
				CLANG_WARN_COMMA = YES;
				CLANG_WARN_CONSTANT_CONVERSION = YES;
				CLANG_WARN_DEPRECATED_OBJC_IMPLEMENTATIONS = YES;
				CLANG_WARN_DIRECT_OBJC_ISA_USAGE = YES_ERROR;
				CLANG_WARN_DOCUMENTATION_COMMENTS = YES;
				CLANG_WARN_EMPTY_BODY = YES;
				CLANG_WARN_ENUM_CONVERSION = YES;
				CLANG_WARN_INFINITE_RECURSION = YES;
				CLANG_WARN_INT_CONVERSION = YES;
				CLANG_WARN_NON_LITERAL_NULL_CONVERSION = YES;
				CLANG_WARN_OBJC_IMPLICIT_RETAIN_SELF = YES;
				CLANG_WARN_OBJC_LITERAL_CONVERSION = YES;
				CLANG_WARN_OBJC_ROOT_CLASS = YES_ERROR;
				CLANG_WARN_QUOTED_INCLUDE_IN_FRAMEWORK_HEADER = YES;
				CLANG_WARN_RANGE_LOOP_ANALYSIS = YES;
				CLANG_WARN_STRICT_PROTOTYPES = YES;
				CLANG_WARN_SUSPICIOUS_MOVE = YES;
				CLANG_WARN_UNGUARDED_AVAILABILITY = YES_AGGRESSIVE;
				CLANG_WARN_UNREACHABLE_CODE = YES;
				CLANG_WARN__DUPLICATE_METHOD_MATCH = YES;
				COPY_PHASE_STRIP = NO;
				DEBUG_INFORMATION_FORMAT = "dwarf-with-dsym";
				ENABLE_NS_ASSERTIONS = NO;
				ENABLE_STRICT_OBJC_MSGSEND = YES;
				GCC_C_LANGUAGE_STANDARD = gnu11;
				GCC_NO_COMMON_BLOCKS = YES;
				GCC_WARN_64_TO_32_BIT_CONVERSION = YES;
				GCC_WARN_ABOUT_RETURN_TYPE = YES_ERROR;
				GCC_WARN_UNDECLARED_SELECTOR = YES;
				GCC_WARN_UNINITIALIZED_AUTOS = YES_AGGRESSIVE;
				GCC_WARN_UNUSED_FUNCTION = YES;
				GCC_WARN_UNUSED_VARIABLE = YES;
				IPHONEOS_DEPLOYMENT_TARGET = 16.2;
				MTL_ENABLE_DEBUG_INFO = NO;
				MTL_FAST_MATH = YES;
				SDKROOT = iphoneos;
				SWIFT_COMPILATION_MODE = wholemodule;
				SWIFT_OPTIMIZATION_LEVEL = "-O";
				VALIDATE_PRODUCT = YES;
			};
			name = Release;
		};
		90EBDBA3295DE9B2001F9FBF /* Debug */ = {
			isa = XCBuildConfiguration;
			buildSettings = {
				ASSETCATALOG_COMPILER_APPICON_NAME = AppIcon;
				ASSETCATALOG_COMPILER_GLOBAL_ACCENT_COLOR_NAME = AccentColor;
				CODE_SIGN_STYLE = Automatic;
				CURRENT_PROJECT_VERSION = 1;
				DEVELOPMENT_ASSET_PATHS = "\"Headie/Preview Content\"";
				DEVELOPMENT_TEAM = NH6Z2BQ4LC;
				ENABLE_PREVIEWS = YES;
				GENERATE_INFOPLIST_FILE = YES;
				INFOPLIST_KEY_UIApplicationSceneManifest_Generation = YES;
				INFOPLIST_KEY_UIApplicationSupportsIndirectInputEvents = YES;
				INFOPLIST_KEY_UILaunchScreen_Generation = YES;
				INFOPLIST_KEY_UISupportedInterfaceOrientations_iPad = "UIInterfaceOrientationPortrait UIInterfaceOrientationPortraitUpsideDown UIInterfaceOrientationLandscapeLeft UIInterfaceOrientationLandscapeRight";
				INFOPLIST_KEY_UISupportedInterfaceOrientations_iPhone = "UIInterfaceOrientationPortrait UIInterfaceOrientationLandscapeLeft UIInterfaceOrientationLandscapeRight";
				LD_RUNPATH_SEARCH_PATHS = (
					"$(inherited)",
					"@executable_path/Frameworks",
				);
				MARKETING_VERSION = 1.0;
				PRODUCT_BUNDLE_IDENTIFIER = io.Headie;
				PRODUCT_NAME = "$(TARGET_NAME)";
				SWIFT_EMIT_LOC_STRINGS = YES;
				SWIFT_VERSION = 5.0;
				TARGETED_DEVICE_FAMILY = "1,2";
			};
			name = Debug;
		};
		90EBDBA4295DE9B2001F9FBF /* Release */ = {
			isa = XCBuildConfiguration;
			buildSettings = {
				ASSETCATALOG_COMPILER_APPICON_NAME = AppIcon;
				ASSETCATALOG_COMPILER_GLOBAL_ACCENT_COLOR_NAME = AccentColor;
				CODE_SIGN_STYLE = Automatic;
				CURRENT_PROJECT_VERSION = 1;
				DEVELOPMENT_ASSET_PATHS = "\"Headie/Preview Content\"";
				DEVELOPMENT_TEAM = NH6Z2BQ4LC;
				ENABLE_PREVIEWS = YES;
				GENERATE_INFOPLIST_FILE = YES;
				INFOPLIST_KEY_UIApplicationSceneManifest_Generation = YES;
				INFOPLIST_KEY_UIApplicationSupportsIndirectInputEvents = YES;
				INFOPLIST_KEY_UILaunchScreen_Generation = YES;
				INFOPLIST_KEY_UISupportedInterfaceOrientations_iPad = "UIInterfaceOrientationPortrait UIInterfaceOrientationPortraitUpsideDown UIInterfaceOrientationLandscapeLeft UIInterfaceOrientationLandscapeRight";
				INFOPLIST_KEY_UISupportedInterfaceOrientations_iPhone = "UIInterfaceOrientationPortrait UIInterfaceOrientationLandscapeLeft UIInterfaceOrientationLandscapeRight";
				LD_RUNPATH_SEARCH_PATHS = (
					"$(inherited)",
					"@executable_path/Frameworks",
				);
				MARKETING_VERSION = 1.0;
				PRODUCT_BUNDLE_IDENTIFIER = io.Headie;
				PRODUCT_NAME = "$(TARGET_NAME)";
				SWIFT_EMIT_LOC_STRINGS = YES;
				SWIFT_VERSION = 5.0;
				TARGETED_DEVICE_FAMILY = "1,2";
			};
			name = Release;
		};
/* End XCBuildConfiguration section */

/* Begin XCConfigurationList section */
		90EBDB8F295DE9B1001F9FBF /* Build configuration list for PBXProject "Headie" */ = {
			isa = XCConfigurationList;
			buildConfigurations = (
				90EBDBA0295DE9B2001F9FBF /* Debug */,
				90EBDBA1295DE9B2001F9FBF /* Release */,
			);
			defaultConfigurationIsVisible = 0;
			defaultConfigurationName = Release;
		};
		90EBDBA2295DE9B2001F9FBF /* Build configuration list for PBXNativeTarget "Headie" */ = {
			isa = XCConfigurationList;
			buildConfigurations = (
				90EBDBA3295DE9B2001F9FBF /* Debug */,
				90EBDBA4295DE9B2001F9FBF /* Release */,
			);
			defaultConfigurationIsVisible = 0;
			defaultConfigurationName = Release;
		};
/* End XCConfigurationList section */
	};
	rootObject = 90EBDB8C295DE9B1001F9FBF /* Project object */;
}
